
Microsoft Visual Studio Solution File, Format Version 12.00
# Visual Studio Version 17
VisualStudioVersion = 17.0.32014.148
MinimumVisualStudioVersion = 10.0.40219.1
Project("{9A19103F-16F7-4668-BE54-9A1E7A4F7556}") = "HelloWorld", "HelloWorld\HelloWorld.csproj", "{2781A5AB-3697-4346-9AFD-583D9C22A025}"
EndProject
Project("{9A19103F-16F7-4668-BE54-9A1E7A4F7556}") = "Hello_Name", "Hello_Name\Hello_Name.csproj", "{E18FF8CB-BEBE-47B0-8D19-4FC80EB7EC1F}"
EndProject
Project("{9A19103F-16F7-4668-BE54-9A1E7A4F7556}") = "Prog52a", "Prog52a\Prog52a.csproj", "{F2FBDC80-0279-4BA3-839F-AB5CECFA102D}"
EndProject
Project("{9A19103F-16F7-4668-BE54-9A1E7A4F7556}") = "Prog54b", "Prog54b\Prog54b.csproj", "{C6161B7D-BE43-463F-A281-B3FBF83320B9}"
EndProject
Project("{9A19103F-16F7-4668-BE54-9A1E7A4F7556}") = "Prog54c", "Prog54c\Prog54c.csproj", "{ECDB4FBE-143A-4241-BBD3-A1B547F07BCC}"
EndProject
Project("{9A19103F-16F7-4668-BE54-9A1E7A4F7556}") = "!!!! Important stuff to copy and paste  !!!!", "Important stuff to copy and paste\!!!! Important stuff to copy and paste  !!!!.csproj", "{E3BDD505-DEE6-4530-B236-3C252474730E}"
EndProject
Project("{9A19103F-16F7-4668-BE54-9A1E7A4F7556}") = "Prog54d", "Prog54d\Prog54d.csproj", "{734E3C10-5F30-4E13-93A8-CB46EF2D4ED6}"
EndProject
Project("{9A19103F-16F7-4668-BE54-9A1E7A4F7556}") = "Prog54a(real)", "Prog54a(real)\Prog54a(real).csproj", "{733F7828-60B2-4659-BACC-5F4E6C6A96BC}"
EndProject
Project("{9A19103F-16F7-4668-BE54-9A1E7A4F7556}") = "Project54b", "Project54b\Project54b.csproj", "{6A375256-59CD-4CF2-B7DB-E6EDC7CCEC13}"
EndProject
Project("{9A19103F-16F7-4668-BE54-9A1E7A4F7556}") = "Prog88a", "Prog88a\Prog88a.csproj", "{6AD8FE66-C8B3-4790-A247-AF18817666A2}"
EndProject
Project("{9A19103F-16F7-4668-BE54-9A1E7A4F7556}") = "AboutMeForm", "AboutMeForm\AboutMeForm.csproj", "{BF81B258-4DD9-4884-A011-BA8A1AB2D303}"
EndProject
Project("{9A19103F-16F7-4668-BE54-9A1E7A4F7556}") = "Prog 85c", "Prog 85c\Prog 85c.csproj", "{2DA0F5F1-9F1D-462B-9784-8662E2A55D4F}"
EndProject
Project("{9A19103F-16F7-4668-BE54-9A1E7A4F7556}") = "LP4-5", "LP4-5\LP4-5.csproj", "{32E46049-AD03-486E-89BD-202BEA4E0D6C}"
EndProject
Project("{9A19103F-16F7-4668-BE54-9A1E7A4F7556}") = "LP4-1", "LP4-1\LP4-1.csproj", "{603681E5-4623-479A-9203-F89592BC3BA8}"
EndProject
Project("{9A19103F-16F7-4668-BE54-9A1E7A4F7556}") = "LP4-2", "LP4-2\LP4-2.csproj", "{C010D1DA-A901-465E-B1BB-F347F936C47A}"
EndProject
Project("{9A19103F-16F7-4668-BE54-9A1E7A4F7556}") = "Pg266", "Pg266\Pg266.csproj", "{FBD1EC03-E908-4737-BF38-C48F257616DD}"
EndProject
Project("{9A19103F-16F7-4668-BE54-9A1E7A4F7556}") = "Pg266 (windows form)", "Pg266 (windows form)\Pg266 (windows form).csproj", "{9F1A94F1-A087-408F-BEEE-36DD923FF921}"
EndProject
Project("{9A19103F-16F7-4668-BE54-9A1E7A4F7556}") = "pg273 books", "pg273 books\pg273 books.csproj", "{4E0C7316-90C8-4BAA-9BDD-800D68A0FF98}"
EndProject
Project("{9A19103F-16F7-4668-BE54-9A1E7A4F7556}") = "pg273 Books (real)", "pg273 Books (real)\pg273 Books (real).csproj", "{F6A1C562-CF22-4103-9F6E-4987469FBF27}"
EndProject
Project("{9A19103F-16F7-4668-BE54-9A1E7A4F7556}") = "C Sharp while loops thingy", "WinFormsApp1\C Sharp while loops thingy.csproj", "{9934F3A1-AC2E-4C80-B643-2F20BF52D4A6}"
EndProject
Project("{9A19103F-16F7-4668-BE54-9A1E7A4F7556}") = "Prog310a", "Prog327a\Prog310a.csproj", "{BA865B66-AEAD-47BA-859D-529F99FC1D9C}"
EndProject
Project("{9A19103F-16F7-4668-BE54-9A1E7A4F7556}") = "Prog122b", "Prog122b\Prog122b.csproj", "{73EA5658-B13A-4744-B6C0-722ACE20C8FA}"
EndProject
Project("{9A19103F-16F7-4668-BE54-9A1E7A4F7556}") = "pg347", "pg347\pg347.csproj", "{9FD280E3-6D92-4D34-BC76-61BE64294978}"
EndProject
Project("{9A19103F-16F7-4668-BE54-9A1E7A4F7556}") = "CalcWithFunctions", "CalcWithFunctions\CalcWithFunctions.csproj", "{F9364FF4-E026-419D-BA3E-89E3E07324F2}"
EndProject
Project("{9A19103F-16F7-4668-BE54-9A1E7A4F7556}") = "Pg435ticketsales", "Pg435ticketsales\Pg435ticketsales.csproj", "{088AB50D-8DBC-4CAC-AF08-77C3580E6861}"
EndProject
Project("{FAE04EC0-301F-11D3-BF4B-00C04F79EFBC}") = "Prog366b", "Prog366b\Prog366b.csproj", "{0CE4072D-582B-4574-AE45-4E689891721C}"
EndProject
Global
	GlobalSection(SolutionConfigurationPlatforms) = preSolution
		Debug|Any CPU = Debug|Any CPU
		Release|Any CPU = Release|Any CPU
	EndGlobalSection
	GlobalSection(ProjectConfigurationPlatforms) = postSolution
		{2781A5AB-3697-4346-9AFD-583D9C22A025}.Debug|Any CPU.ActiveCfg = Debug|Any CPU
		{2781A5AB-3697-4346-9AFD-583D9C22A025}.Debug|Any CPU.Build.0 = Debug|Any CPU
		{2781A5AB-3697-4346-9AFD-583D9C22A025}.Release|Any CPU.ActiveCfg = Release|Any CPU
		{2781A5AB-3697-4346-9AFD-583D9C22A025}.Release|Any CPU.Build.0 = Release|Any CPU
		{E18FF8CB-BEBE-47B0-8D19-4FC80EB7EC1F}.Debug|Any CPU.ActiveCfg = Debug|Any CPU
		{E18FF8CB-BEBE-47B0-8D19-4FC80EB7EC1F}.Debug|Any CPU.Build.0 = Debug|Any CPU
		{E18FF8CB-BEBE-47B0-8D19-4FC80EB7EC1F}.Release|Any CPU.ActiveCfg = Release|Any CPU
		{E18FF8CB-BEBE-47B0-8D19-4FC80EB7EC1F}.Release|Any CPU.Build.0 = Release|Any CPU
		{F2FBDC80-0279-4BA3-839F-AB5CECFA102D}.Debug|Any CPU.ActiveCfg = Debug|Any CPU
		{F2FBDC80-0279-4BA3-839F-AB5CECFA102D}.Debug|Any CPU.Build.0 = Debug|Any CPU
		{F2FBDC80-0279-4BA3-839F-AB5CECFA102D}.Release|Any CPU.ActiveCfg = Release|Any CPU
		{F2FBDC80-0279-4BA3-839F-AB5CECFA102D}.Release|Any CPU.Build.0 = Release|Any CPU
		{C6161B7D-BE43-463F-A281-B3FBF83320B9}.Debug|Any CPU.ActiveCfg = Debug|Any CPU
		{C6161B7D-BE43-463F-A281-B3FBF83320B9}.Debug|Any CPU.Build.0 = Debug|Any CPU
		{C6161B7D-BE43-463F-A281-B3FBF83320B9}.Release|Any CPU.ActiveCfg = Release|Any CPU
		{C6161B7D-BE43-463F-A281-B3FBF83320B9}.Release|Any CPU.Build.0 = Release|Any CPU
		{ECDB4FBE-143A-4241-BBD3-A1B547F07BCC}.Debug|Any CPU.ActiveCfg = Debug|Any CPU
		{ECDB4FBE-143A-4241-BBD3-A1B547F07BCC}.Debug|Any CPU.Build.0 = Debug|Any CPU
		{ECDB4FBE-143A-4241-BBD3-A1B547F07BCC}.Release|Any CPU.ActiveCfg = Release|Any CPU
		{ECDB4FBE-143A-4241-BBD3-A1B547F07BCC}.Release|Any CPU.Build.0 = Release|Any CPU
		{E3BDD505-DEE6-4530-B236-3C252474730E}.Debug|Any CPU.ActiveCfg = Debug|Any CPU
		{E3BDD505-DEE6-4530-B236-3C252474730E}.Debug|Any CPU.Build.0 = Debug|Any CPU
		{E3BDD505-DEE6-4530-B236-3C252474730E}.Release|Any CPU.ActiveCfg = Release|Any CPU
		{E3BDD505-DEE6-4530-B236-3C252474730E}.Release|Any CPU.Build.0 = Release|Any CPU
		{734E3C10-5F30-4E13-93A8-CB46EF2D4ED6}.Debug|Any CPU.ActiveCfg = Debug|Any CPU
		{734E3C10-5F30-4E13-93A8-CB46EF2D4ED6}.Debug|Any CPU.Build.0 = Debug|Any CPU
		{734E3C10-5F30-4E13-93A8-CB46EF2D4ED6}.Release|Any CPU.ActiveCfg = Release|Any CPU
		{734E3C10-5F30-4E13-93A8-CB46EF2D4ED6}.Release|Any CPU.Build.0 = Release|Any CPU
		{733F7828-60B2-4659-BACC-5F4E6C6A96BC}.Debug|Any CPU.ActiveCfg = Debug|Any CPU
		{733F7828-60B2-4659-BACC-5F4E6C6A96BC}.Debug|Any CPU.Build.0 = Debug|Any CPU
		{733F7828-60B2-4659-BACC-5F4E6C6A96BC}.Release|Any CPU.ActiveCfg = Release|Any CPU
		{733F7828-60B2-4659-BACC-5F4E6C6A96BC}.Release|Any CPU.Build.0 = Release|Any CPU
		{6A375256-59CD-4CF2-B7DB-E6EDC7CCEC13}.Debug|Any CPU.ActiveCfg = Debug|Any CPU
		{6A375256-59CD-4CF2-B7DB-E6EDC7CCEC13}.Debug|Any CPU.Build.0 = Debug|Any CPU
		{6A375256-59CD-4CF2-B7DB-E6EDC7CCEC13}.Release|Any CPU.ActiveCfg = Release|Any CPU
		{6A375256-59CD-4CF2-B7DB-E6EDC7CCEC13}.Release|Any CPU.Build.0 = Release|Any CPU
		{6AD8FE66-C8B3-4790-A247-AF18817666A2}.Debug|Any CPU.ActiveCfg = Debug|Any CPU
		{6AD8FE66-C8B3-4790-A247-AF18817666A2}.Debug|Any CPU.Build.0 = Debug|Any CPU
		{6AD8FE66-C8B3-4790-A247-AF18817666A2}.Release|Any CPU.ActiveCfg = Release|Any CPU
		{6AD8FE66-C8B3-4790-A247-AF18817666A2}.Release|Any CPU.Build.0 = Release|Any CPU
		{BF81B258-4DD9-4884-A011-BA8A1AB2D303}.Debug|Any CPU.ActiveCfg = Debug|Any CPU
		{BF81B258-4DD9-4884-A011-BA8A1AB2D303}.Debug|Any CPU.Build.0 = Debug|Any CPU
		{BF81B258-4DD9-4884-A011-BA8A1AB2D303}.Release|Any CPU.ActiveCfg = Release|Any CPU
		{BF81B258-4DD9-4884-A011-BA8A1AB2D303}.Release|Any CPU.Build.0 = Release|Any CPU
		{2DA0F5F1-9F1D-462B-9784-8662E2A55D4F}.Debug|Any CPU.ActiveCfg = Debug|Any CPU
		{2DA0F5F1-9F1D-462B-9784-8662E2A55D4F}.Debug|Any CPU.Build.0 = Debug|Any CPU
		{2DA0F5F1-9F1D-462B-9784-8662E2A55D4F}.Release|Any CPU.ActiveCfg = Release|Any CPU
		{2DA0F5F1-9F1D-462B-9784-8662E2A55D4F}.Release|Any CPU.Build.0 = Release|Any CPU
		{32E46049-AD03-486E-89BD-202BEA4E0D6C}.Debug|Any CPU.ActiveCfg = Debug|Any CPU
		{32E46049-AD03-486E-89BD-202BEA4E0D6C}.Debug|Any CPU.Build.0 = Debug|Any CPU
		{32E46049-AD03-486E-89BD-202BEA4E0D6C}.Release|Any CPU.ActiveCfg = Release|Any CPU
		{32E46049-AD03-486E-89BD-202BEA4E0D6C}.Release|Any CPU.Build.0 = Release|Any CPU
		{603681E5-4623-479A-9203-F89592BC3BA8}.Debug|Any CPU.ActiveCfg = Debug|Any CPU
		{603681E5-4623-479A-9203-F89592BC3BA8}.Debug|Any CPU.Build.0 = Debug|Any CPU
		{603681E5-4623-479A-9203-F89592BC3BA8}.Release|Any CPU.ActiveCfg = Release|Any CPU
		{603681E5-4623-479A-9203-F89592BC3BA8}.Release|Any CPU.Build.0 = Release|Any CPU
		{C010D1DA-A901-465E-B1BB-F347F936C47A}.Debug|Any CPU.ActiveCfg = Debug|Any CPU
		{C010D1DA-A901-465E-B1BB-F347F936C47A}.Debug|Any CPU.Build.0 = Debug|Any CPU
		{C010D1DA-A901-465E-B1BB-F347F936C47A}.Release|Any CPU.ActiveCfg = Release|Any CPU
		{C010D1DA-A901-465E-B1BB-F347F936C47A}.Release|Any CPU.Build.0 = Release|Any CPU
		{FBD1EC03-E908-4737-BF38-C48F257616DD}.Debug|Any CPU.ActiveCfg = Debug|Any CPU
		{FBD1EC03-E908-4737-BF38-C48F257616DD}.Debug|Any CPU.Build.0 = Debug|Any CPU
		{FBD1EC03-E908-4737-BF38-C48F257616DD}.Release|Any CPU.ActiveCfg = Release|Any CPU
		{FBD1EC03-E908-4737-BF38-C48F257616DD}.Release|Any CPU.Build.0 = Release|Any CPU
		{9F1A94F1-A087-408F-BEEE-36DD923FF921}.Debug|Any CPU.ActiveCfg = Debug|Any CPU
		{9F1A94F1-A087-408F-BEEE-36DD923FF921}.Debug|Any CPU.Build.0 = Debug|Any CPU
		{9F1A94F1-A087-408F-BEEE-36DD923FF921}.Release|Any CPU.ActiveCfg = Release|Any CPU
		{9F1A94F1-A087-408F-BEEE-36DD923FF921}.Release|Any CPU.Build.0 = Release|Any CPU
		{4E0C7316-90C8-4BAA-9BDD-800D68A0FF98}.Debug|Any CPU.ActiveCfg = Debug|Any CPU
		{4E0C7316-90C8-4BAA-9BDD-800D68A0FF98}.Debug|Any CPU.Build.0 = Debug|Any CPU
		{4E0C7316-90C8-4BAA-9BDD-800D68A0FF98}.Release|Any CPU.ActiveCfg = Release|Any CPU
		{4E0C7316-90C8-4BAA-9BDD-800D68A0FF98}.Release|Any CPU.Build.0 = Release|Any CPU
		{F6A1C562-CF22-4103-9F6E-4987469FBF27}.Debug|Any CPU.ActiveCfg = Debug|Any CPU
		{F6A1C562-CF22-4103-9F6E-4987469FBF27}.Debug|Any CPU.Build.0 = Debug|Any CPU
		{F6A1C562-CF22-4103-9F6E-4987469FBF27}.Release|Any CPU.ActiveCfg = Release|Any CPU
		{F6A1C562-CF22-4103-9F6E-4987469FBF27}.Release|Any CPU.Build.0 = Release|Any CPU
		{9934F3A1-AC2E-4C80-B643-2F20BF52D4A6}.Debug|Any CPU.ActiveCfg = Debug|Any CPU
		{9934F3A1-AC2E-4C80-B643-2F20BF52D4A6}.Debug|Any CPU.Build.0 = Debug|Any CPU
		{9934F3A1-AC2E-4C80-B643-2F20BF52D4A6}.Release|Any CPU.ActiveCfg = Release|Any CPU
		{9934F3A1-AC2E-4C80-B643-2F20BF52D4A6}.Release|Any CPU.Build.0 = Release|Any CPU
		{BA865B66-AEAD-47BA-859D-529F99FC1D9C}.Debug|Any CPU.ActiveCfg = Debug|Any CPU
		{BA865B66-AEAD-47BA-859D-529F99FC1D9C}.Debug|Any CPU.Build.0 = Debug|Any CPU
		{BA865B66-AEAD-47BA-859D-529F99FC1D9C}.Release|Any CPU.ActiveCfg = Release|Any CPU
		{BA865B66-AEAD-47BA-859D-529F99FC1D9C}.Release|Any CPU.Build.0 = Release|Any CPU
		{73EA5658-B13A-4744-B6C0-722ACE20C8FA}.Debug|Any CPU.ActiveCfg = Debug|Any CPU
		{73EA5658-B13A-4744-B6C0-722ACE20C8FA}.Debug|Any CPU.Build.0 = Debug|Any CPU
		{73EA5658-B13A-4744-B6C0-722ACE20C8FA}.Release|Any CPU.ActiveCfg = Release|Any CPU
		{73EA5658-B13A-4744-B6C0-722ACE20C8FA}.Release|Any CPU.Build.0 = Release|Any CPU
		{9FD280E3-6D92-4D34-BC76-61BE64294978}.Debug|Any CPU.ActiveCfg = Debug|Any CPU
		{9FD280E3-6D92-4D34-BC76-61BE64294978}.Debug|Any CPU.Build.0 = Debug|Any CPU
		{9FD280E3-6D92-4D34-BC76-61BE64294978}.Release|Any CPU.ActiveCfg = Release|Any CPU
		{9FD280E3-6D92-4D34-BC76-61BE64294978}.Release|Any CPU.Build.0 = Release|Any CPU
		{F9364FF4-E026-419D-BA3E-89E3E07324F2}.Debug|Any CPU.ActiveCfg = Debug|Any CPU
		{F9364FF4-E026-419D-BA3E-89E3E07324F2}.Debug|Any CPU.Build.0 = Debug|Any CPU
		{F9364FF4-E026-419D-BA3E-89E3E07324F2}.Release|Any CPU.ActiveCfg = Release|Any CPU
		{F9364FF4-E026-419D-BA3E-89E3E07324F2}.Release|Any CPU.Build.0 = Release|Any CPU
		{088AB50D-8DBC-4CAC-AF08-77C3580E6861}.Debug|Any CPU.ActiveCfg = Debug|Any CPU
		{088AB50D-8DBC-4CAC-AF08-77C3580E6861}.Debug|Any CPU.Build.0 = Debug|Any CPU
		{088AB50D-8DBC-4CAC-AF08-77C3580E6861}.Release|Any CPU.ActiveCfg = Release|Any CPU
		{088AB50D-8DBC-4CAC-AF08-77C3580E6861}.Release|Any CPU.Build.0 = Release|Any CPU
		{0CE4072D-582B-4574-AE45-4E689891721C}.Debug|Any CPU.ActiveCfg = Debug|Any CPU
		{0CE4072D-582B-4574-AE45-4E689891721C}.Debug|Any CPU.Build.0 = Debug|Any CPU
		{0CE4072D-582B-4574-AE45-4E689891721C}.Release|Any CPU.ActiveCfg = Release|Any CPU
		{0CE4072D-582B-4574-AE45-4E689891721C}.Release|Any CPU.Build.0 = Release|Any CPU
	EndGlobalSection
	GlobalSection(SolutionProperties) = preSolution
		HideSolutionNode = FALSE
	EndGlobalSection
	GlobalSection(ExtensibilityGlobals) = postSolution
		SolutionGuid = {54737BB8-AC02-4BAE-9244-E731902A6E95}
	EndGlobalSection
EndGlobal
