
Microsoft Visual Studio Solution File, Format Version 12.00
# Visual Studio Version 17
VisualStudioVersion = 17.0.32014.148
MinimumVisualStudioVersion = 10.0.40219.1
Project("{FAE04EC0-301F-11D3-BF4B-00C04F79EFBC}") = "HelloWorld", "HelloWorld\HelloWorld.csproj", "{2781A5AB-3697-4346-9AFD-583D9C22A025}"
EndProject
Project("{FAE04EC0-301F-11D3-BF4B-00C04F79EFBC}") = "Hello_Name", "Hello_Name\Hello_Name.csproj", "{E18FF8CB-BEBE-47B0-8D19-4FC80EB7EC1F}"
EndProject
Global
	GlobalSection(SolutionConfigurationPlatforms) = preSolution
		Debug|Any CPU = Debug|Any CPU
		Release|Any CPU = Release|Any CPU
	EndGlobalSection
	GlobalSection(ProjectConfigurationPlatforms) = postSolution
		{2781A5AB-3697-4346-9AFD-583D9C22A025}.Debug|Any CPU.ActiveCfg = Debug|Any CPU
		{2781A5AB-3697-4346-9AFD-583D9C22A025}.Debug|Any CPU.Build.0 = Debug|Any CPU
		{2781A5AB-3697-4346-9AFD-583D9C22A025}.Release|Any CPU.ActiveCfg = Release|Any CPU
		{2781A5AB-3697-4346-9AFD-583D9C22A025}.Release|Any CPU.Build.0 = Release|Any CPU
		{E18FF8CB-BEBE-47B0-8D19-4FC80EB7EC1F}.Debug|Any CPU.ActiveCfg = Debug|Any CPU
		{E18FF8CB-BEBE-47B0-8D19-4FC80EB7EC1F}.Debug|Any CPU.Build.0 = Debug|Any CPU
		{E18FF8CB-BEBE-47B0-8D19-4FC80EB7EC1F}.Release|Any CPU.ActiveCfg = Release|Any CPU
		{E18FF8CB-BEBE-47B0-8D19-4FC80EB7EC1F}.Release|Any CPU.Build.0 = Release|Any CPU
	EndGlobalSection
	GlobalSection(SolutionProperties) = preSolution
		HideSolutionNode = FALSE
	EndGlobalSection
	GlobalSection(ExtensibilityGlobals) = postSolution
		SolutionGuid = {54737BB8-AC02-4BAE-9244-E731902A6E95}
	EndGlobalSection
EndGlobal
