
Microsoft Visual Studio Solution File, Format Version 11.00
# Visual Studio 2010
# SharpDevelop 4.4
Project("{FD48973F-F585-4F70-812B-4D0503B36CE9}") = "Favgameorrmovie", "Favgameorrmovie\Favgameorrmovie.pyproj", "{0F1C43FB-A62F-4D3C-AE83-E5D94196E324}"
EndProject
Global
	GlobalSection(SolutionConfigurationPlatforms) = preSolution
		Debug|Any CPU = Debug|Any CPU
		Release|Any CPU = Release|Any CPU
	EndGlobalSection
	GlobalSection(ProjectConfigurationPlatforms) = postSolution
		{0F1C43FB-A62F-4D3C-AE83-E5D94196E324}.Debug|Any CPU.Build.0 = Debug|Any CPU
		{0F1C43FB-A62F-4D3C-AE83-E5D94196E324}.Debug|Any CPU.ActiveCfg = Debug|Any CPU
		{0F1C43FB-A62F-4D3C-AE83-E5D94196E324}.Release|Any CPU.Build.0 = Release|Any CPU
		{0F1C43FB-A62F-4D3C-AE83-E5D94196E324}.Release|Any CPU.ActiveCfg = Release|Any CPU
	EndGlobalSection
EndGlobal
