
Microsoft Visual Studio Solution File, Format Version 11.00
# Visual Studio 2010
# SharpDevelop 4.4
Project("{FD48973F-F585-4F70-812B-4D0503B36CE9}") = "Hello", "Hello\Hello.pyproj", "{CB699489-9776-4EA8-AF9A-6633F53D80EE}"
EndProject
Global
	GlobalSection(SolutionConfigurationPlatforms) = preSolution
		Debug|Any CPU = Debug|Any CPU
		Release|Any CPU = Release|Any CPU
	EndGlobalSection
	GlobalSection(ProjectConfigurationPlatforms) = postSolution
		{CB699489-9776-4EA8-AF9A-6633F53D80EE}.Debug|Any CPU.Build.0 = Debug|Any CPU
		{CB699489-9776-4EA8-AF9A-6633F53D80EE}.Debug|Any CPU.ActiveCfg = Debug|Any CPU
		{CB699489-9776-4EA8-AF9A-6633F53D80EE}.Release|Any CPU.Build.0 = Release|Any CPU
		{CB699489-9776-4EA8-AF9A-6633F53D80EE}.Release|Any CPU.ActiveCfg = Release|Any CPU
	EndGlobalSection
EndGlobal
