
Microsoft Visual Studio Solution File, Format Version 11.00
# Visual Studio 2010
# SharpDevelop 4.4
Project("{FD48973F-F585-4F70-812B-4D0503B36CE9}") = "TKinter test 2", "TKinter test 2\TKinter test 2.pyproj", "{CB0ADCF9-FDD4-472A-877D-74651287028D}"
EndProject
Global
	GlobalSection(SolutionConfigurationPlatforms) = preSolution
		Debug|Any CPU = Debug|Any CPU
		Release|Any CPU = Release|Any CPU
	EndGlobalSection
	GlobalSection(ProjectConfigurationPlatforms) = postSolution
		{CB0ADCF9-FDD4-472A-877D-74651287028D}.Debug|Any CPU.Build.0 = Debug|Any CPU
		{CB0ADCF9-FDD4-472A-877D-74651287028D}.Debug|Any CPU.ActiveCfg = Debug|Any CPU
		{CB0ADCF9-FDD4-472A-877D-74651287028D}.Release|Any CPU.Build.0 = Release|Any CPU
		{CB0ADCF9-FDD4-472A-877D-74651287028D}.Release|Any CPU.ActiveCfg = Release|Any CPU
	EndGlobalSection
EndGlobal
