
Microsoft Visual Studio Solution File, Format Version 11.00
# Visual Studio 2010
# SharpDevelop 4.4
Project("{FD48973F-F585-4F70-812B-4D0503B36CE9}") = "Pg485skate", "Pg485skate\Pg485skate.pyproj", "{731C8730-081D-4464-BD9D-E0AD56CB56BA}"
EndProject
Global
	GlobalSection(SolutionConfigurationPlatforms) = preSolution
		Debug|Any CPU = Debug|Any CPU
		Release|Any CPU = Release|Any CPU
	EndGlobalSection
	GlobalSection(ProjectConfigurationPlatforms) = postSolution
		{731C8730-081D-4464-BD9D-E0AD56CB56BA}.Debug|Any CPU.Build.0 = Debug|Any CPU
		{731C8730-081D-4464-BD9D-E0AD56CB56BA}.Debug|Any CPU.ActiveCfg = Debug|Any CPU
		{731C8730-081D-4464-BD9D-E0AD56CB56BA}.Release|Any CPU.Build.0 = Release|Any CPU
		{731C8730-081D-4464-BD9D-E0AD56CB56BA}.Release|Any CPU.ActiveCfg = Release|Any CPU
	EndGlobalSection
EndGlobal
